// !$*UTF8*$!
{
	archiveVersion = 1;
	classes = {
	};
	objectVersion = 46;
	objects = {

/* Begin PBXBuildFile section */
		22371E4D1AA681CD000ACF63 /* UsageDetailInMapViewController.m in Sources */ = {isa = PBXBuildFile; fileRef = 22371E4C1AA681CD000ACF63 /* UsageDetailInMapViewController.m */; };
		22371E681AA69815000ACF63 /* CCHCenterOfMassMapClusterer.m in Sources */ = {isa = PBXBuildFile; fileRef = 22371E501AA69815000ACF63 /* CCHCenterOfMassMapClusterer.m */; };
		22371E691AA69815000ACF63 /* CCHFadeInOutMapAnimator.m in Sources */ = {isa = PBXBuildFile; fileRef = 22371E521AA69815000ACF63 /* CCHFadeInOutMapAnimator.m */; };
		22371E6A1AA69815000ACF63 /* CCHMapClusterAnnotation.m in Sources */ = {isa = PBXBuildFile; fileRef = 22371E551AA69815000ACF63 /* CCHMapClusterAnnotation.m */; };
		22371E6B1AA69815000ACF63 /* CCHMapClusterController.m in Sources */ = {isa = PBXBuildFile; fileRef = 22371E571AA69815000ACF63 /* CCHMapClusterController.m */; };
		22371E6C1AA69815000ACF63 /* CCHMapClusterControllerDebugPolygon.m in Sources */ = {isa = PBXBuildFile; fileRef = 22371E591AA69815000ACF63 /* CCHMapClusterControllerDebugPolygon.m */; };
		22371E6D1AA69815000ACF63 /* CCHMapClusterControllerUtils.m in Sources */ = {isa = PBXBuildFile; fileRef = 22371E5C1AA69815000ACF63 /* CCHMapClusterControllerUtils.m */; };
		22371E6E1AA69815000ACF63 /* CCHMapClusterOperation.m in Sources */ = {isa = PBXBuildFile; fileRef = 22371E5F1AA69815000ACF63 /* CCHMapClusterOperation.m */; };
		22371E6F1AA69815000ACF63 /* CCHMapTree.m in Sources */ = {isa = PBXBuildFile; fileRef = 22371E611AA69815000ACF63 /* CCHMapTree.m */; };
		22371E701AA69815000ACF63 /* CCHMapTreeUtils.m in Sources */ = {isa = PBXBuildFile; fileRef = 22371E631AA69815000ACF63 /* CCHMapTreeUtils.m */; };
		22371E711AA69815000ACF63 /* CCHMapViewDelegateProxy.m in Sources */ = {isa = PBXBuildFile; fileRef = 22371E651AA69815000ACF63 /* CCHMapViewDelegateProxy.m */; };
		22371E721AA69815000ACF63 /* CCHNearCenterMapClusterer.m in Sources */ = {isa = PBXBuildFile; fileRef = 22371E671AA69815000ACF63 /* CCHNearCenterMapClusterer.m */; };
		22371E751AA69B6A000ACF63 /* ClusterAnnotationView.m in Sources */ = {isa = PBXBuildFile; fileRef = 22371E741AA69B6A000ACF63 /* ClusterAnnotationView.m */; };
		22371E781AA6A608000ACF63 /* SettingsViewController.m in Sources */ = {isa = PBXBuildFile; fileRef = 22371E771AA6A608000ACF63 /* SettingsViewController.m */; };
		223BB62B1AA616B900221C17 /* main.m in Sources */ = {isa = PBXBuildFile; fileRef = 223BB62A1AA616B900221C17 /* main.m */; };
		223BB62E1AA616B900221C17 /* AppDelegate.m in Sources */ = {isa = PBXBuildFile; fileRef = 223BB62D1AA616B900221C17 /* AppDelegate.m */; };
		223BB6311AA616B900221C17 /* DataTrackAdmin.xcdatamodeld in Sources */ = {isa = PBXBuildFile; fileRef = 223BB62F1AA616B900221C17 /* DataTrackAdmin.xcdatamodeld */; };
		223BB6341AA616B900221C17 /* MasterViewController.m in Sources */ = {isa = PBXBuildFile; fileRef = 223BB6331AA616B900221C17 /* MasterViewController.m */; };
		223BB6371AA616B900221C17 /* DetailViewController.m in Sources */ = {isa = PBXBuildFile; fileRef = 223BB6361AA616B900221C17 /* DetailViewController.m */; };
		223BB63A1AA616B900221C17 /* Main.storyboard in Resources */ = {isa = PBXBuildFile; fileRef = 223BB6381AA616B900221C17 /* Main.storyboard */; };
		223BB63C1AA616B900221C17 /* Images.xcassets in Resources */ = {isa = PBXBuildFile; fileRef = 223BB63B1AA616B900221C17 /* Images.xcassets */; };
		223BB63F1AA616B900221C17 /* LaunchScreen.xib in Resources */ = {isa = PBXBuildFile; fileRef = 223BB63D1AA616B900221C17 /* LaunchScreen.xib */; };
		223BB64B1AA616B900221C17 /* DataTrackAdminTests.m in Sources */ = {isa = PBXBuildFile; fileRef = 223BB64A1AA616B900221C17 /* DataTrackAdminTests.m */; };
		223BB6591AA618DB00221C17 /* DataStorage.m in Sources */ = {isa = PBXBuildFile; fileRef = 223BB6581AA618DB00221C17 /* DataStorage.m */; };
		223BB65D1AA6219100221C17 /* DeviceListTableViewController.m in Sources */ = {isa = PBXBuildFile; fileRef = 223BB65C1AA6219100221C17 /* DeviceListTableViewController.m */; };
		223BB6601AA624B700221C17 /* Device.m in Sources */ = {isa = PBXBuildFile; fileRef = 223BB65F1AA624B700221C17 /* Device.m */; };
		225E867B1AA64AA800BC3678 /* DatePickerForMapTableViewController.m in Sources */ = {isa = PBXBuildFile; fileRef = 225E86741AA64AA800BC3678 /* DatePickerForMapTableViewController.m */; };
		225E867C1AA64AA800BC3678 /* GpsOnMapViewController.m in Sources */ = {isa = PBXBuildFile; fileRef = 225E86761AA64AA800BC3678 /* GpsOnMapViewController.m */; };
		225E867D1AA64AA800BC3678 /* MapAnnotation.m in Sources */ = {isa = PBXBuildFile; fileRef = 225E86781AA64AA800BC3678 /* MapAnnotation.m */; };
		225E867E1AA64AA800BC3678 /* MapAnnotationView.m in Sources */ = {isa = PBXBuildFile; fileRef = 225E867A1AA64AA800BC3678 /* MapAnnotationView.m */; };
		228D307D1AA8AF540035E6BC /* UsageStatsTableViewController.m in Sources */ = {isa = PBXBuildFile; fileRef = 228D307C1AA8AF540035E6BC /* UsageStatsTableViewController.m */; };
/* End PBXBuildFile section */

/* Begin PBXContainerItemProxy section */
		223BB6451AA616B900221C17 /* PBXContainerItemProxy */ = {
			isa = PBXContainerItemProxy;
			containerPortal = 223BB61D1AA616B900221C17 /* Project object */;
			proxyType = 1;
			remoteGlobalIDString = 223BB6241AA616B900221C17;
			remoteInfo = DataTrackAdmin;
		};
/* End PBXContainerItemProxy section */

/* Begin PBXFileReference section */
		22371E4B1AA681CD000ACF63 /* UsageDetailInMapViewController.h */ = {isa = PBXFileReference; fileEncoding = 4; lastKnownFileType = sourcecode.c.h; path = UsageDetailInMapViewController.h; sourceTree = "<group>"; };
		22371E4C1AA681CD000ACF63 /* UsageDetailInMapViewController.m */ = {isa = PBXFileReference; fileEncoding = 4; lastKnownFileType = sourcecode.c.objc; path = UsageDetailInMapViewController.m; sourceTree = "<group>"; };
		22371E4F1AA69815000ACF63 /* CCHCenterOfMassMapClusterer.h */ = {isa = PBXFileReference; fileEncoding = 4; lastKnownFileType = sourcecode.c.h; path = CCHCenterOfMassMapClusterer.h; sourceTree = "<group>"; };
		22371E501AA69815000ACF63 /* CCHCenterOfMassMapClusterer.m */ = {isa = PBXFileReference; fileEncoding = 4; lastKnownFileType = sourcecode.c.objc; path = CCHCenterOfMassMapClusterer.m; sourceTree = "<group>"; };
		22371E511AA69815000ACF63 /* CCHFadeInOutMapAnimator.h */ = {isa = PBXFileReference; fileEncoding = 4; lastKnownFileType = sourcecode.c.h; path = CCHFadeInOutMapAnimator.h; sourceTree = "<group>"; };
		22371E521AA69815000ACF63 /* CCHFadeInOutMapAnimator.m */ = {isa = PBXFileReference; fileEncoding = 4; lastKnownFileType = sourcecode.c.objc; path = CCHFadeInOutMapAnimator.m; sourceTree = "<group>"; };
		22371E531AA69815000ACF63 /* CCHMapAnimator.h */ = {isa = PBXFileReference; fileEncoding = 4; lastKnownFileType = sourcecode.c.h; path = CCHMapAnimator.h; sourceTree = "<group>"; };
		22371E541AA69815000ACF63 /* CCHMapClusterAnnotation.h */ = {isa = PBXFileReference; fileEncoding = 4; lastKnownFileType = sourcecode.c.h; path = CCHMapClusterAnnotation.h; sourceTree = "<group>"; };
		22371E551AA69815000ACF63 /* CCHMapClusterAnnotation.m */ = {isa = PBXFileReference; fileEncoding = 4; lastKnownFileType = sourcecode.c.objc; path = CCHMapClusterAnnotation.m; sourceTree = "<group>"; };
		22371E561AA69815000ACF63 /* CCHMapClusterController.h */ = {isa = PBXFileReference; fileEncoding = 4; lastKnownFileType = sourcecode.c.h; path = CCHMapClusterController.h; sourceTree = "<group>"; };
		22371E571AA69815000ACF63 /* CCHMapClusterController.m */ = {isa = PBXFileReference; fileEncoding = 4; lastKnownFileType = sourcecode.c.objc; path = CCHMapClusterController.m; sourceTree = "<group>"; };
		22371E581AA69815000ACF63 /* CCHMapClusterControllerDebugPolygon.h */ = {isa = PBXFileReference; fileEncoding = 4; lastKnownFileType = sourcecode.c.h; path = CCHMapClusterControllerDebugPolygon.h; sourceTree = "<group>"; };
		22371E591AA69815000ACF63 /* CCHMapClusterControllerDebugPolygon.m */ = {isa = PBXFileReference; fileEncoding = 4; lastKnownFileType = sourcecode.c.objc; path = CCHMapClusterControllerDebugPolygon.m; sourceTree = "<group>"; };
		22371E5A1AA69815000ACF63 /* CCHMapClusterControllerDelegate.h */ = {isa = PBXFileReference; fileEncoding = 4; lastKnownFileType = sourcecode.c.h; path = CCHMapClusterControllerDelegate.h; sourceTree = "<group>"; };
		22371E5B1AA69815000ACF63 /* CCHMapClusterControllerUtils.h */ = {isa = PBXFileReference; fileEncoding = 4; lastKnownFileType = sourcecode.c.h; path = CCHMapClusterControllerUtils.h; sourceTree = "<group>"; };
		22371E5C1AA69815000ACF63 /* CCHMapClusterControllerUtils.m */ = {isa = PBXFileReference; fileEncoding = 4; lastKnownFileType = sourcecode.c.objc; path = CCHMapClusterControllerUtils.m; sourceTree = "<group>"; };
		22371E5D1AA69815000ACF63 /* CCHMapClusterer.h */ = {isa = PBXFileReference; fileEncoding = 4; lastKnownFileType = sourcecode.c.h; path = CCHMapClusterer.h; sourceTree = "<group>"; };
		22371E5E1AA69815000ACF63 /* CCHMapClusterOperation.h */ = {isa = PBXFileReference; fileEncoding = 4; lastKnownFileType = sourcecode.c.h; path = CCHMapClusterOperation.h; sourceTree = "<group>"; };
		22371E5F1AA69815000ACF63 /* CCHMapClusterOperation.m */ = {isa = PBXFileReference; fileEncoding = 4; lastKnownFileType = sourcecode.c.objc; path = CCHMapClusterOperation.m; sourceTree = "<group>"; };
		22371E601AA69815000ACF63 /* CCHMapTree.h */ = {isa = PBXFileReference; fileEncoding = 4; lastKnownFileType = sourcecode.c.h; path = CCHMapTree.h; sourceTree = "<group>"; };
		22371E611AA69815000ACF63 /* CCHMapTree.m */ = {isa = PBXFileReference; fileEncoding = 4; lastKnownFileType = sourcecode.c.objc; path = CCHMapTree.m; sourceTree = "<group>"; };
		22371E621AA69815000ACF63 /* CCHMapTreeUtils.h */ = {isa = PBXFileReference; fileEncoding = 4; lastKnownFileType = sourcecode.c.h; path = CCHMapTreeUtils.h; sourceTree = "<group>"; };
		22371E631AA69815000ACF63 /* CCHMapTreeUtils.m */ = {isa = PBXFileReference; fileEncoding = 4; lastKnownFileType = sourcecode.c.objc; path = CCHMapTreeUtils.m; sourceTree = "<group>"; };
		22371E641AA69815000ACF63 /* CCHMapViewDelegateProxy.h */ = {isa = PBXFileReference; fileEncoding = 4; lastKnownFileType = sourcecode.c.h; path = CCHMapViewDelegateProxy.h; sourceTree = "<group>"; };
		22371E651AA69815000ACF63 /* CCHMapViewDelegateProxy.m */ = {isa = PBXFileReference; fileEncoding = 4; lastKnownFileType = sourcecode.c.objc; path = CCHMapViewDelegateProxy.m; sourceTree = "<group>"; };
		22371E661AA69815000ACF63 /* CCHNearCenterMapClusterer.h */ = {isa = PBXFileReference; fileEncoding = 4; lastKnownFileType = sourcecode.c.h; path = CCHNearCenterMapClusterer.h; sourceTree = "<group>"; };
		22371E671AA69815000ACF63 /* CCHNearCenterMapClusterer.m */ = {isa = PBXFileReference; fileEncoding = 4; lastKnownFileType = sourcecode.c.objc; path = CCHNearCenterMapClusterer.m; sourceTree = "<group>"; };
		22371E731AA69B6A000ACF63 /* ClusterAnnotationView.h */ = {isa = PBXFileReference; fileEncoding = 4; lastKnownFileType = sourcecode.c.h; path = ClusterAnnotationView.h; sourceTree = "<group>"; };
		22371E741AA69B6A000ACF63 /* ClusterAnnotationView.m */ = {isa = PBXFileReference; fileEncoding = 4; lastKnownFileType = sourcecode.c.objc; path = ClusterAnnotationView.m; sourceTree = "<group>"; };
		22371E761AA6A608000ACF63 /* SettingsViewController.h */ = {isa = PBXFileReference; fileEncoding = 4; lastKnownFileType = sourcecode.c.h; path = SettingsViewController.h; sourceTree = "<group>"; };
		22371E771AA6A608000ACF63 /* SettingsViewController.m */ = {isa = PBXFileReference; fileEncoding = 4; lastKnownFileType = sourcecode.c.objc; path = SettingsViewController.m; sourceTree = "<group>"; };
		223BB6251AA616B900221C17 /* DataTrackAdmin.app */ = {isa = PBXFileReference; explicitFileType = wrapper.application; includeInIndex = 0; path = DataTrackAdmin.app; sourceTree = BUILT_PRODUCTS_DIR; };
		223BB6291AA616B900221C17 /* Info.plist */ = {isa = PBXFileReference; lastKnownFileType = text.plist.xml; path = Info.plist; sourceTree = "<group>"; };
		223BB62A1AA616B900221C17 /* main.m */ = {isa = PBXFileReference; lastKnownFileType = sourcecode.c.objc; path = main.m; sourceTree = "<group>"; };
		223BB62C1AA616B900221C17 /* AppDelegate.h */ = {isa = PBXFileReference; lastKnownFileType = sourcecode.c.h; path = AppDelegate.h; sourceTree = "<group>"; };
		223BB62D1AA616B900221C17 /* AppDelegate.m */ = {isa = PBXFileReference; lastKnownFileType = sourcecode.c.objc; path = AppDelegate.m; sourceTree = "<group>"; };
		223BB6301AA616B900221C17 /* DataTrackAdmin.xcdatamodel */ = {isa = PBXFileReference; lastKnownFileType = wrapper.xcdatamodel; path = DataTrackAdmin.xcdatamodel; sourceTree = "<group>"; };
		223BB6321AA616B900221C17 /* MasterViewController.h */ = {isa = PBXFileReference; lastKnownFileType = sourcecode.c.h; path = MasterViewController.h; sourceTree = "<group>"; };
		223BB6331AA616B900221C17 /* MasterViewController.m */ = {isa = PBXFileReference; lastKnownFileType = sourcecode.c.objc; path = MasterViewController.m; sourceTree = "<group>"; };
		223BB6351AA616B900221C17 /* DetailViewController.h */ = {isa = PBXFileReference; lastKnownFileType = sourcecode.c.h; path = DetailViewController.h; sourceTree = "<group>"; };
		223BB6361AA616B900221C17 /* DetailViewController.m */ = {isa = PBXFileReference; lastKnownFileType = sourcecode.c.objc; path = DetailViewController.m; sourceTree = "<group>"; };
		223BB6391AA616B900221C17 /* Base */ = {isa = PBXFileReference; lastKnownFileType = file.storyboard; name = Base; path = Base.lproj/Main.storyboard; sourceTree = "<group>"; };
		223BB63B1AA616B900221C17 /* Images.xcassets */ = {isa = PBXFileReference; lastKnownFileType = folder.assetcatalog; path = Images.xcassets; sourceTree = "<group>"; };
		223BB63E1AA616B900221C17 /* Base */ = {isa = PBXFileReference; lastKnownFileType = file.xib; name = Base; path = Base.lproj/LaunchScreen.xib; sourceTree = "<group>"; };
		223BB6441AA616B900221C17 /* DataTrackAdminTests.xctest */ = {isa = PBXFileReference; explicitFileType = wrapper.cfbundle; includeInIndex = 0; path = DataTrackAdminTests.xctest; sourceTree = BUILT_PRODUCTS_DIR; };
		223BB6491AA616B900221C17 /* Info.plist */ = {isa = PBXFileReference; lastKnownFileType = text.plist.xml; path = Info.plist; sourceTree = "<group>"; };
		223BB64A1AA616B900221C17 /* DataTrackAdminTests.m */ = {isa = PBXFileReference; lastKnownFileType = sourcecode.c.objc; path = DataTrackAdminTests.m; sourceTree = "<group>"; };
		223BB6571AA618DB00221C17 /* DataStorage.h */ = {isa = PBXFileReference; fileEncoding = 4; lastKnownFileType = sourcecode.c.h; path = DataStorage.h; sourceTree = "<group>"; };
		223BB6581AA618DB00221C17 /* DataStorage.m */ = {isa = PBXFileReference; fileEncoding = 4; lastKnownFileType = sourcecode.c.objc; path = DataStorage.m; sourceTree = "<group>"; };
		223BB65B1AA6219100221C17 /* DeviceListTableViewController.h */ = {isa = PBXFileReference; fileEncoding = 4; lastKnownFileType = sourcecode.c.h; path = DeviceListTableViewController.h; sourceTree = "<group>"; };
		223BB65C1AA6219100221C17 /* DeviceListTableViewController.m */ = {isa = PBXFileReference; fileEncoding = 4; lastKnownFileType = sourcecode.c.objc; path = DeviceListTableViewController.m; sourceTree = "<group>"; };
		223BB65E1AA624B700221C17 /* Device.h */ = {isa = PBXFileReference; fileEncoding = 4; lastKnownFileType = sourcecode.c.h; path = Device.h; sourceTree = "<group>"; };
		223BB65F1AA624B700221C17 /* Device.m */ = {isa = PBXFileReference; fileEncoding = 4; lastKnownFileType = sourcecode.c.objc; path = Device.m; sourceTree = "<group>"; };
		225E86731AA64AA800BC3678 /* DatePickerForMapTableViewController.h */ = {isa = PBXFileReference; fileEncoding = 4; lastKnownFileType = sourcecode.c.h; path = DatePickerForMapTableViewController.h; sourceTree = "<group>"; };
		225E86741AA64AA800BC3678 /* DatePickerForMapTableViewController.m */ = {isa = PBXFileReference; fileEncoding = 4; lastKnownFileType = sourcecode.c.objc; path = DatePickerForMapTableViewController.m; sourceTree = "<group>"; };
		225E86751AA64AA800BC3678 /* GpsOnMapViewController.h */ = {isa = PBXFileReference; fileEncoding = 4; lastKnownFileType = sourcecode.c.h; path = GpsOnMapViewController.h; sourceTree = "<group>"; };
		225E86761AA64AA800BC3678 /* GpsOnMapViewController.m */ = {isa = PBXFileReference; fileEncoding = 4; lastKnownFileType = sourcecode.c.objc; path = GpsOnMapViewController.m; sourceTree = "<group>"; };
		225E86771AA64AA800BC3678 /* MapAnnotation.h */ = {isa = PBXFileReference; fileEncoding = 4; lastKnownFileType = sourcecode.c.h; path = MapAnnotation.h; sourceTree = "<group>"; };
		225E86781AA64AA800BC3678 /* MapAnnotation.m */ = {isa = PBXFileReference; fileEncoding = 4; lastKnownFileType = sourcecode.c.objc; path = MapAnnotation.m; sourceTree = "<group>"; };
		225E86791AA64AA800BC3678 /* MapAnnotationView.h */ = {isa = PBXFileReference; fileEncoding = 4; lastKnownFileType = sourcecode.c.h; path = MapAnnotationView.h; sourceTree = "<group>"; };
		225E867A1AA64AA800BC3678 /* MapAnnotationView.m */ = {isa = PBXFileReference; fileEncoding = 4; lastKnownFileType = sourcecode.c.objc; path = MapAnnotationView.m; sourceTree = "<group>"; };
		228D307B1AA8AF540035E6BC /* UsageStatsTableViewController.h */ = {isa = PBXFileReference; fileEncoding = 4; lastKnownFileType = sourcecode.c.h; path = UsageStatsTableViewController.h; sourceTree = "<group>"; };
		228D307C1AA8AF540035E6BC /* UsageStatsTableViewController.m */ = {isa = PBXFileReference; fileEncoding = 4; lastKnownFileType = sourcecode.c.objc; path = UsageStatsTableViewController.m; sourceTree = "<group>"; };
/* End PBXFileReference section */

/* Begin PBXFrameworksBuildPhase section */
		223BB6221AA616B900221C17 /* Frameworks */ = {
			isa = PBXFrameworksBuildPhase;
			buildActionMask = 2147483647;
			files = (
			);
			runOnlyForDeploymentPostprocessing = 0;
		};
		223BB6411AA616B900221C17 /* Frameworks */ = {
			isa = PBXFrameworksBuildPhase;
			buildActionMask = 2147483647;
			files = (
			);
			runOnlyForDeploymentPostprocessing = 0;
		};
/* End PBXFrameworksBuildPhase section */

/* Begin PBXGroup section */
		22371E4E1AA69815000ACF63 /* CCHMapClusterController */ = {
			isa = PBXGroup;
			children = (
				22371E4F1AA69815000ACF63 /* CCHCenterOfMassMapClusterer.h */,
				22371E501AA69815000ACF63 /* CCHCenterOfMassMapClusterer.m */,
				22371E511AA69815000ACF63 /* CCHFadeInOutMapAnimator.h */,
				22371E521AA69815000ACF63 /* CCHFadeInOutMapAnimator.m */,
				22371E531AA69815000ACF63 /* CCHMapAnimator.h */,
				22371E541AA69815000ACF63 /* CCHMapClusterAnnotation.h */,
				22371E551AA69815000ACF63 /* CCHMapClusterAnnotation.m */,
				22371E561AA69815000ACF63 /* CCHMapClusterController.h */,
				22371E571AA69815000ACF63 /* CCHMapClusterController.m */,
				22371E581AA69815000ACF63 /* CCHMapClusterControllerDebugPolygon.h */,
				22371E591AA69815000ACF63 /* CCHMapClusterControllerDebugPolygon.m */,
				22371E5A1AA69815000ACF63 /* CCHMapClusterControllerDelegate.h */,
				22371E5B1AA69815000ACF63 /* CCHMapClusterControllerUtils.h */,
				22371E5C1AA69815000ACF63 /* CCHMapClusterControllerUtils.m */,
				22371E5D1AA69815000ACF63 /* CCHMapClusterer.h */,
				22371E5E1AA69815000ACF63 /* CCHMapClusterOperation.h */,
				22371E5F1AA69815000ACF63 /* CCHMapClusterOperation.m */,
				22371E601AA69815000ACF63 /* CCHMapTree.h */,
				22371E611AA69815000ACF63 /* CCHMapTree.m */,
				22371E621AA69815000ACF63 /* CCHMapTreeUtils.h */,
				22371E631AA69815000ACF63 /* CCHMapTreeUtils.m */,
				22371E641AA69815000ACF63 /* CCHMapViewDelegateProxy.h */,
				22371E651AA69815000ACF63 /* CCHMapViewDelegateProxy.m */,
				22371E661AA69815000ACF63 /* CCHNearCenterMapClusterer.h */,
				22371E671AA69815000ACF63 /* CCHNearCenterMapClusterer.m */,
			);
			path = CCHMapClusterController;
			sourceTree = "<group>";
		};
		223BB61C1AA616B900221C17 = {
			isa = PBXGroup;
			children = (
				223BB6271AA616B900221C17 /* DataTrackAdmin */,
				223BB6471AA616B900221C17 /* DataTrackAdminTests */,
				223BB6261AA616B900221C17 /* Products */,
			);
			sourceTree = "<group>";
		};
		223BB6261AA616B900221C17 /* Products */ = {
			isa = PBXGroup;
			children = (
				223BB6251AA616B900221C17 /* DataTrackAdmin.app */,
				223BB6441AA616B900221C17 /* DataTrackAdminTests.xctest */,
			);
			name = Products;
			sourceTree = "<group>";
		};
		223BB6271AA616B900221C17 /* DataTrackAdmin */ = {
			isa = PBXGroup;
			children = (
				223BB62C1AA616B900221C17 /* AppDelegate.h */,
				223BB62D1AA616B900221C17 /* AppDelegate.m */,
				223BB6321AA616B900221C17 /* MasterViewController.h */,
				223BB6331AA616B900221C17 /* MasterViewController.m */,
				223BB65B1AA6219100221C17 /* DeviceListTableViewController.h */,
				223BB65C1AA6219100221C17 /* DeviceListTableViewController.m */,
				22371E761AA6A608000ACF63 /* SettingsViewController.h */,
				22371E771AA6A608000ACF63 /* SettingsViewController.m */,
				223BB6381AA616B900221C17 /* Main.storyboard */,
				225E867F1AA64AAD00BC3678 /* Map */,
				223BB65A1AA618E100221C17 /* Core Data */,
				22371E4E1AA69815000ACF63 /* CCHMapClusterController */,
				223BB6281AA616B900221C17 /* Supporting Files */,
			);
			path = DataTrackAdmin;
			sourceTree = "<group>";
		};
		223BB6281AA616B900221C17 /* Supporting Files */ = {
			isa = PBXGroup;
			children = (
				223BB63B1AA616B900221C17 /* Images.xcassets */,
				223BB63D1AA616B900221C17 /* LaunchScreen.xib */,
				223BB6291AA616B900221C17 /* Info.plist */,
				223BB62A1AA616B900221C17 /* main.m */,
				223BB6351AA616B900221C17 /* DetailViewController.h */,
				223BB6361AA616B900221C17 /* DetailViewController.m */,
			);
			name = "Supporting Files";
			sourceTree = "<group>";
		};
		223BB6471AA616B900221C17 /* DataTrackAdminTests */ = {
			isa = PBXGroup;
			children = (
				223BB64A1AA616B900221C17 /* DataTrackAdminTests.m */,
				223BB6481AA616B900221C17 /* Supporting Files */,
			);
			path = DataTrackAdminTests;
			sourceTree = "<group>";
		};
		223BB6481AA616B900221C17 /* Supporting Files */ = {
			isa = PBXGroup;
			children = (
				223BB6491AA616B900221C17 /* Info.plist */,
			);
			name = "Supporting Files";
			sourceTree = "<group>";
		};
		223BB65A1AA618E100221C17 /* Core Data */ = {
			isa = PBXGroup;
			children = (
				223BB6571AA618DB00221C17 /* DataStorage.h */,
				223BB6581AA618DB00221C17 /* DataStorage.m */,
				223BB65E1AA624B700221C17 /* Device.h */,
				223BB65F1AA624B700221C17 /* Device.m */,
				223BB62F1AA616B900221C17 /* DataTrackAdmin.xcdatamodeld */,
			);
			name = "Core Data";
			sourceTree = "<group>";
		};
		225E867F1AA64AAD00BC3678 /* Map */ = {
			isa = PBXGroup;
			children = (
				225E86731AA64AA800BC3678 /* DatePickerForMapTableViewController.h */,
				225E86741AA64AA800BC3678 /* DatePickerForMapTableViewController.m */,
				225E86751AA64AA800BC3678 /* GpsOnMapViewController.h */,
				225E86761AA64AA800BC3678 /* GpsOnMapViewController.m */,
				225E86771AA64AA800BC3678 /* MapAnnotation.h */,
				225E86781AA64AA800BC3678 /* MapAnnotation.m */,
				225E86791AA64AA800BC3678 /* MapAnnotationView.h */,
				225E867A1AA64AA800BC3678 /* MapAnnotationView.m */,
				22371E731AA69B6A000ACF63 /* ClusterAnnotationView.h */,
				22371E741AA69B6A000ACF63 /* ClusterAnnotationView.m */,
				22371E4B1AA681CD000ACF63 /* UsageDetailInMapViewController.h */,
				22371E4C1AA681CD000ACF63 /* UsageDetailInMapViewController.m */,
				228D307B1AA8AF540035E6BC /* UsageStatsTableViewController.h */,
				228D307C1AA8AF540035E6BC /* UsageStatsTableViewController.m */,
			);
			name = Map;
			sourceTree = "<group>";
		};
/* End PBXGroup section */

/* Begin PBXNativeTarget section */
		223BB6241AA616B900221C17 /* DataTrackAdmin */ = {
			isa = PBXNativeTarget;
			buildConfigurationList = 223BB64E1AA616B900221C17 /* Build configuration list for PBXNativeTarget "DataTrackAdmin" */;
			buildPhases = (
				223BB6211AA616B900221C17 /* Sources */,
				223BB6221AA616B900221C17 /* Frameworks */,
				223BB6231AA616B900221C17 /* Resources */,
			);
			buildRules = (
			);
			dependencies = (
			);
			name = DataTrackAdmin;
			productName = DataTrackAdmin;
			productReference = 223BB6251AA616B900221C17 /* DataTrackAdmin.app */;
			productType = "com.apple.product-type.application";
		};
		223BB6431AA616B900221C17 /* DataTrackAdminTests */ = {
			isa = PBXNativeTarget;
			buildConfigurationList = 223BB6511AA616B900221C17 /* Build configuration list for PBXNativeTarget "DataTrackAdminTests" */;
			buildPhases = (
				223BB6401AA616B900221C17 /* Sources */,
				223BB6411AA616B900221C17 /* Frameworks */,
				223BB6421AA616B900221C17 /* Resources */,
			);
			buildRules = (
			);
			dependencies = (
				223BB6461AA616B900221C17 /* PBXTargetDependency */,
			);
			name = DataTrackAdminTests;
			productName = DataTrackAdminTests;
			productReference = 223BB6441AA616B900221C17 /* DataTrackAdminTests.xctest */;
			productType = "com.apple.product-type.bundle.unit-test";
		};
/* End PBXNativeTarget section */

/* Begin PBXProject section */
		223BB61D1AA616B900221C17 /* Project object */ = {
			isa = PBXProject;
			attributes = {
				LastUpgradeCheck = 0610;
				ORGANIZATIONNAME = "Zhihao Cui";
				TargetAttributes = {
					223BB6241AA616B900221C17 = {
						CreatedOnToolsVersion = 6.1.1;
						DevelopmentTeam = 5QB7973RVT;
					};
					223BB6431AA616B900221C17 = {
						CreatedOnToolsVersion = 6.1.1;
						TestTargetID = 223BB6241AA616B900221C17;
					};
				};
			};
			buildConfigurationList = 223BB6201AA616B900221C17 /* Build configuration list for PBXProject "DataTrackAdmin" */;
			compatibilityVersion = "Xcode 3.2";
			developmentRegion = English;
			hasScannedForEncodings = 0;
			knownRegions = (
				en,
				Base,
			);
			mainGroup = 223BB61C1AA616B900221C17;
			productRefGroup = 223BB6261AA616B900221C17 /* Products */;
			projectDirPath = "";
			projectRoot = "";
			targets = (
				223BB6241AA616B900221C17 /* DataTrackAdmin */,
				223BB6431AA616B900221C17 /* DataTrackAdminTests */,
			);
		};
/* End PBXProject section */

/* Begin PBXResourcesBuildPhase section */
		223BB6231AA616B900221C17 /* Resources */ = {
			isa = PBXResourcesBuildPhase;
			buildActionMask = 2147483647;
			files = (
				223BB63A1AA616B900221C17 /* Main.storyboard in Resources */,
				223BB63F1AA616B900221C17 /* LaunchScreen.xib in Resources */,
				223BB63C1AA616B900221C17 /* Images.xcassets in Resources */,
			);
			runOnlyForDeploymentPostprocessing = 0;
		};
		223BB6421AA616B900221C17 /* Resources */ = {
			isa = PBXResourcesBuildPhase;
			buildActionMask = 2147483647;
			files = (
			);
			runOnlyForDeploymentPostprocessing = 0;
		};
/* End PBXResourcesBuildPhase section */

/* Begin PBXSourcesBuildPhase section */
		223BB6211AA616B900221C17 /* Sources */ = {
			isa = PBXSourcesBuildPhase;
			buildActionMask = 2147483647;
			files = (
				22371E6D1AA69815000ACF63 /* CCHMapClusterControllerUtils.m in Sources */,
				22371E701AA69815000ACF63 /* CCHMapTreeUtils.m in Sources */,
				22371E721AA69815000ACF63 /* CCHNearCenterMapClusterer.m in Sources */,
				223BB6371AA616B900221C17 /* DetailViewController.m in Sources */,
				22371E6B1AA69815000ACF63 /* CCHMapClusterController.m in Sources */,
				22371E751AA69B6A000ACF63 /* ClusterAnnotationView.m in Sources */,
				22371E4D1AA681CD000ACF63 /* UsageDetailInMapViewController.m in Sources */,
				223BB6341AA616B900221C17 /* MasterViewController.m in Sources */,
				225E867B1AA64AA800BC3678 /* DatePickerForMapTableViewController.m in Sources */,
				223BB62E1AA616B900221C17 /* AppDelegate.m in Sources */,
				22371E681AA69815000ACF63 /* CCHCenterOfMassMapClusterer.m in Sources */,
				223BB6601AA624B700221C17 /* Device.m in Sources */,
				223BB62B1AA616B900221C17 /* main.m in Sources */,
				22371E6F1AA69815000ACF63 /* CCHMapTree.m in Sources */,
				22371E6C1AA69815000ACF63 /* CCHMapClusterControllerDebugPolygon.m in Sources */,
				223BB65D1AA6219100221C17 /* DeviceListTableViewController.m in Sources */,
				225E867D1AA64AA800BC3678 /* MapAnnotation.m in Sources */,
				223BB6311AA616B900221C17 /* DataTrackAdmin.xcdatamodeld in Sources */,
				22371E6E1AA69815000ACF63 /* CCHMapClusterOperation.m in Sources */,
				223BB6591AA618DB00221C17 /* DataStorage.m in Sources */,
				22371E711AA69815000ACF63 /* CCHMapViewDelegateProxy.m in Sources */,
				228D307D1AA8AF540035E6BC /* UsageStatsTableViewController.m in Sources */,
				225E867E1AA64AA800BC3678 /* MapAnnotationView.m in Sources */,
				22371E6A1AA69815000ACF63 /* CCHMapClusterAnnotation.m in Sources */,
				225E867C1AA64AA800BC3678 /* GpsOnMapViewController.m in Sources */,
				22371E691AA69815000ACF63 /* CCHFadeInOutMapAnimator.m in Sources */,
				22371E781AA6A608000ACF63 /* SettingsViewController.m in Sources */,
			);
			runOnlyForDeploymentPostprocessing = 0;
		};
		223BB6401AA616B900221C17 /* Sources */ = {
			isa = PBXSourcesBuildPhase;
			buildActionMask = 2147483647;
			files = (
				223BB64B1AA616B900221C17 /* DataTrackAdminTests.m in Sources */,
			);
			runOnlyForDeploymentPostprocessing = 0;
		};
/* End PBXSourcesBuildPhase section */

/* Begin PBXTargetDependency section */
		223BB6461AA616B900221C17 /* PBXTargetDependency */ = {
			isa = PBXTargetDependency;
			target = 223BB6241AA616B900221C17 /* DataTrackAdmin */;
			targetProxy = 223BB6451AA616B900221C17 /* PBXContainerItemProxy */;
		};
/* End PBXTargetDependency section */

/* Begin PBXVariantGroup section */
		223BB6381AA616B900221C17 /* Main.storyboard */ = {
			isa = PBXVariantGroup;
			children = (
				223BB6391AA616B900221C17 /* Base */,
			);
			name = Main.storyboard;
			sourceTree = "<group>";
		};
		223BB63D1AA616B900221C17 /* LaunchScreen.xib */ = {
			isa = PBXVariantGroup;
			children = (
				223BB63E1AA616B900221C17 /* Base */,
			);
			name = LaunchScreen.xib;
			sourceTree = "<group>";
		};
/* End PBXVariantGroup section */

/* Begin XCBuildConfiguration section */
		223BB64C1AA616B900221C17 /* Debug */ = {
			isa = XCBuildConfiguration;
			buildSettings = {
				ALWAYS_SEARCH_USER_PATHS = NO;
				CLANG_CXX_LANGUAGE_STANDARD = "gnu++0x";
				CLANG_CXX_LIBRARY = "libc++";
				CLANG_ENABLE_MODULES = YES;
				CLANG_ENABLE_OBJC_ARC = YES;
				CLANG_WARN_BOOL_CONVERSION = YES;
				CLANG_WARN_CONSTANT_CONVERSION = YES;
				CLANG_WARN_DIRECT_OBJC_ISA_USAGE = YES_ERROR;
				CLANG_WARN_EMPTY_BODY = YES;
				CLANG_WARN_ENUM_CONVERSION = YES;
				CLANG_WARN_INT_CONVERSION = YES;
				CLANG_WARN_OBJC_ROOT_CLASS = YES_ERROR;
				CLANG_WARN_UNREACHABLE_CODE = YES;
				CLANG_WARN__DUPLICATE_METHOD_MATCH = YES;
				"CODE_SIGN_IDENTITY[sdk=iphoneos*]" = "iPhone Developer";
				COPY_PHASE_STRIP = NO;
				ENABLE_STRICT_OBJC_MSGSEND = YES;
				GCC_C_LANGUAGE_STANDARD = gnu99;
				GCC_DYNAMIC_NO_PIC = NO;
				GCC_OPTIMIZATION_LEVEL = 0;
				GCC_PREPROCESSOR_DEFINITIONS = (
					"DEBUG=1",
					"$(inherited)",
				);
				GCC_SYMBOLS_PRIVATE_EXTERN = NO;
				GCC_WARN_64_TO_32_BIT_CONVERSION = YES;
				GCC_WARN_ABOUT_RETURN_TYPE = YES_ERROR;
				GCC_WARN_UNDECLARED_SELECTOR = YES;
				GCC_WARN_UNINITIALIZED_AUTOS = YES_AGGRESSIVE;
				GCC_WARN_UNUSED_FUNCTION = YES;
				GCC_WARN_UNUSED_VARIABLE = YES;
				IPHONEOS_DEPLOYMENT_TARGET = 8.1;
				MTL_ENABLE_DEBUG_INFO = YES;
				ONLY_ACTIVE_ARCH = YES;
				SDKROOT = iphoneos;
				TARGETED_DEVICE_FAMILY = "1,2";
			};
			name = Debug;
		};
		223BB64D1AA616B900221C17 /* Release */ = {
			isa = XCBuildConfiguration;
			buildSettings = {
				ALWAYS_SEARCH_USER_PATHS = NO;
				CLANG_CXX_LANGUAGE_STANDARD = "gnu++0x";
				CLANG_CXX_LIBRARY = "libc++";
				CLANG_ENABLE_MODULES = YES;
				CLANG_ENABLE_OBJC_ARC = YES;
				CLANG_WARN_BOOL_CONVERSION = YES;
				CLANG_WARN_CONSTANT_CONVERSION = YES;
				CLANG_WARN_DIRECT_OBJC_ISA_USAGE = YES_ERROR;
				CLANG_WARN_EMPTY_BODY = YES;
				CLANG_WARN_ENUM_CONVERSION = YES;
				CLANG_WARN_INT_CONVERSION = YES;
				CLANG_WARN_OBJC_ROOT_CLASS = YES_ERROR;
				CLANG_WARN_UNREACHABLE_CODE = YES;
				CLANG_WARN__DUPLICATE_METHOD_MATCH = YES;
				"CODE_SIGN_IDENTITY[sdk=iphoneos*]" = "iPhone Developer";
				COPY_PHASE_STRIP = YES;
				ENABLE_NS_ASSERTIONS = NO;
				ENABLE_STRICT_OBJC_MSGSEND = YES;
				GCC_C_LANGUAGE_STANDARD = gnu99;
				GCC_WARN_64_TO_32_BIT_CONVERSION = YES;
				GCC_WARN_ABOUT_RETURN_TYPE = YES_ERROR;
				GCC_WARN_UNDECLARED_SELECTOR = YES;
				GCC_WARN_UNINITIALIZED_AUTOS = YES_AGGRESSIVE;
				GCC_WARN_UNUSED_FUNCTION = YES;
				GCC_WARN_UNUSED_VARIABLE = YES;
				IPHONEOS_DEPLOYMENT_TARGET = 8.1;
				MTL_ENABLE_DEBUG_INFO = NO;
				SDKROOT = iphoneos;
				TARGETED_DEVICE_FAMILY = "1,2";
				VALIDATE_PRODUCT = YES;
			};
			name = Release;
		};
		223BB64F1AA616B900221C17 /* Debug */ = {
			isa = XCBuildConfiguration;
			buildSettings = {
				ASSETCATALOG_COMPILER_APPICON_NAME = AppIcon;
				CODE_SIGN_IDENTITY = "iPhone Developer";
				INFOPLIST_FILE = DataTrackAdmin/Info.plist;
				IPHONEOS_DEPLOYMENT_TARGET = 7.0;
				LD_RUNPATH_SEARCH_PATHS = "$(inherited) @executable_path/Frameworks";
				PRODUCT_NAME = "$(TARGET_NAME)";
			};
			name = Debug;
		};
		223BB6501AA616B900221C17 /* Release */ = {
			isa = XCBuildConfiguration;
			buildSettings = {
				ASSETCATALOG_COMPILER_APPICON_NAME = AppIcon;
				CODE_SIGN_IDENTITY = "iPhone Developer";
				INFOPLIST_FILE = DataTrackAdmin/Info.plist;
				IPHONEOS_DEPLOYMENT_TARGET = 7.0;
				LD_RUNPATH_SEARCH_PATHS = "$(inherited) @executable_path/Frameworks";
				PRODUCT_NAME = "$(TARGET_NAME)";
			};
			name = Release;
		};
		223BB6521AA616B900221C17 /* Debug */ = {
			isa = XCBuildConfiguration;
			buildSettings = {
				BUNDLE_LOADER = "$(TEST_HOST)";
				FRAMEWORK_SEARCH_PATHS = (
					"$(SDKROOT)/Developer/Library/Frameworks",
					"$(inherited)",
				);
				GCC_PREPROCESSOR_DEFINITIONS = (
					"DEBUG=1",
					"$(inherited)",
				);
				INFOPLIST_FILE = DataTrackAdminTests/Info.plist;
				LD_RUNPATH_SEARCH_PATHS = "$(inherited) @executable_path/Frameworks @loader_path/Frameworks";
				PRODUCT_NAME = "$(TARGET_NAME)";
				TEST_HOST = "$(BUILT_PRODUCTS_DIR)/DataTrackAdmin.app/DataTrackAdmin";
			};
			name = Debug;
		};
		223BB6531AA616B900221C17 /* Release */ = {
			isa = XCBuildConfiguration;
			buildSettings = {
				BUNDLE_LOADER = "$(TEST_HOST)";
				FRAMEWORK_SEARCH_PATHS = (
					"$(SDKROOT)/Developer/Library/Frameworks",
					"$(inherited)",
				);
				INFOPLIST_FILE = DataTrackAdminTests/Info.plist;
				LD_RUNPATH_SEARCH_PATHS = "$(inherited) @executable_path/Frameworks @loader_path/Frameworks";
				PRODUCT_NAME = "$(TARGET_NAME)";
				TEST_HOST = "$(BUILT_PRODUCTS_DIR)/DataTrackAdmin.app/DataTrackAdmin";
			};
			name = Release;
		};
/* End XCBuildConfiguration section */

/* Begin XCConfigurationList section */
		223BB6201AA616B900221C17 /* Build configuration list for PBXProject "DataTrackAdmin" */ = {
			isa = XCConfigurationList;
			buildConfigurations = (
				223BB64C1AA616B900221C17 /* Debug */,
				223BB64D1AA616B900221C17 /* Release */,
			);
			defaultConfigurationIsVisible = 0;
			defaultConfigurationName = Release;
		};
		223BB64E1AA616B900221C17 /* Build configuration list for PBXNativeTarget "DataTrackAdmin" */ = {
			isa = XCConfigurationList;
			buildConfigurations = (
				223BB64F1AA616B900221C17 /* Debug */,
				223BB6501AA616B900221C17 /* Release */,
			);
			defaultConfigurationIsVisible = 0;
			defaultConfigurationName = Release;
		};
		223BB6511AA616B900221C17 /* Build configuration list for PBXNativeTarget "DataTrackAdminTests" */ = {
			isa = XCConfigurationList;
			buildConfigurations = (
				223BB6521AA616B900221C17 /* Debug */,
				223BB6531AA616B900221C17 /* Release */,
			);
			defaultConfigurationIsVisible = 0;
			defaultConfigurationName = Release;
		};
/* End XCConfigurationList section */

/* Begin XCVersionGroup section */
		223BB62F1AA616B900221C17 /* DataTrackAdmin.xcdatamodeld */ = {
			isa = XCVersionGroup;
			children = (
				223BB6301AA616B900221C17 /* DataTrackAdmin.xcdatamodel */,
			);
			currentVersion = 223BB6301AA616B900221C17 /* DataTrackAdmin.xcdatamodel */;
			path = DataTrackAdmin.xcdatamodeld;
			sourceTree = "<group>";
			versionGroupType = wrapper.xcdatamodel;
		};
/* End XCVersionGroup section */
	};
	rootObject = 223BB61D1AA616B900221C17 /* Project object */;
}
